{
  "requires": true,
  "lockfileVersion": 1,
  "dependencies": {
    "marked": {
      "version": "15.0.3",
      "resolved": "https://registry.npmjs.org/marked/-/marked-15.0.3.tgz",
      "integrity": "sha512-Ai0cepvl2NHnTcO9jYDtcOEtVBNVYR31XnEA3BndO7f5As1wzpcOceSUM8FDkNLJNIODcLpDTWay/qQhqbuMvg=="
    }
  }
}
